
Microsoft Visual Studio Solution File, Format Version 12.00
# Visual Studio Version 16
VisualStudioVersion = 16.0.31624.102
MinimumVisualStudioVersion = 10.0.40219.1
Project("{FAE04EC0-301F-11D3-BF4B-00C04F79EFBC}") = "20211119", "20211119\20211119.csproj", "{B4E2A90F-75B5-48E3-9065-FDECA64EB4D4}"
EndProject
Global
	GlobalSection(SolutionConfigurationPlatforms) = preSolution
		Debug|Any CPU = Debug|Any CPU
		Release|Any CPU = Release|Any CPU
	EndGlobalSection
	GlobalSection(ProjectConfigurationPlatforms) = postSolution
		{B4E2A90F-75B5-48E3-9065-FDECA64EB4D4}.Debug|Any CPU.ActiveCfg = Debug|Any CPU
		{B4E2A90F-75B5-48E3-9065-FDECA64EB4D4}.Debug|Any CPU.Build.0 = Debug|Any CPU
		{B4E2A90F-75B5-48E3-9065-FDECA64EB4D4}.Release|Any CPU.ActiveCfg = Release|Any CPU
		{B4E2A90F-75B5-48E3-9065-FDECA64EB4D4}.Release|Any CPU.Build.0 = Release|Any CPU
	EndGlobalSection
	GlobalSection(SolutionProperties) = preSolution
		HideSolutionNode = FALSE
	EndGlobalSection
	GlobalSection(ExtensibilityGlobals) = postSolution
		SolutionGuid = {4CDE25D0-462E-45D3-8972-E2218170BBFA}
	EndGlobalSection
EndGlobal
